
Microsoft Visual Studio Solution File, Format Version 12.00
Project("{2150E333-8FDC-42A3-9474-1A3956D46DE8}") = "Bootstrapper", "Bootstrapper", "{6E68890E-3589-4F9A-8A7F-B063FE3684A6}"
EndProject
Project("{2150E333-8FDC-42A3-9474-1A3956D46DE8}") = "Modules", "Modules", "{528553FF-DFBF-489A-99A9-957A1DFA000A}"
EndProject
Project("{2150E333-8FDC-42A3-9474-1A3956D46DE8}") = "Shared", "Shared", "{499A5153-A716-4757-B480-CDA49821932D}"
EndProject
Project("{2150E333-8FDC-42A3-9474-1A3956D46DE8}") = "Customers", "Customers", "{37E7DED0-C91A-4315-8054-29D439BA9CB7}"
EndProject
Project("{FAE04EC0-301F-11D3-BF4B-00C04F79EFBC}") = "Inflow.Modules.Customers.Api", "src\Modules\Customers\Inflow.Modules.Customers.Api\Inflow.Modules.Customers.Api.csproj", "{518446CE-42B1-4017-A68E-5603A0490347}"
EndProject
Project("{FAE04EC0-301F-11D3-BF4B-00C04F79EFBC}") = "Inflow.Bootstrapper", "src\Bootstrapper\Inflow.Bootstrapper\Inflow.Bootstrapper.csproj", "{6B6ADF63-70A1-4C6C-A4B4-78BE9333D53B}"
EndProject
Project("{FAE04EC0-301F-11D3-BF4B-00C04F79EFBC}") = "Inflow.Shared.Abstractions", "src\Shared\Inflow.Shared.Abstractions\Inflow.Shared.Abstractions.csproj", "{9D106009-64FA-4307-9A06-ABCE05AE9AB1}"
EndProject
Project("{FAE04EC0-301F-11D3-BF4B-00C04F79EFBC}") = "Inflow.Modules.Customers.Core", "src\Modules\Customers\Inflow.Modules.Customers.Core\Inflow.Modules.Customers.Core.csproj", "{68FEA4A6-E735-4756-B9F8-967414745888}"
EndProject
Project("{FAE04EC0-301F-11D3-BF4B-00C04F79EFBC}") = "Inflow.Shared.Infrastructure", "src\Shared\Inflow.Shared.Infrastructure\Inflow.Shared.Infrastructure.csproj", "{510CA41B-4A86-45DF-80DF-0D7474B9EA18}"
EndProject
Project("{2150E333-8FDC-42A3-9474-1A3956D46DE8}") = "Solution Items", "Solution Items", "{0650F01F-9D2B-4E93-9698-421BD9FA7A57}"
	ProjectSection(SolutionItems) = preProject
		docker-compose.yml = docker-compose.yml
	EndProjectSection
EndProject
Project("{2150E333-8FDC-42A3-9474-1A3956D46DE8}") = "Users", "Users", "{E3F06205-E169-475A-A1DF-805C252F4F4C}"
	ProjectSection(SolutionItems) = preProject
		Users.http = Users.http
	EndProjectSection
EndProject
Project("{FAE04EC0-301F-11D3-BF4B-00C04F79EFBC}") = "Inflow.Modules.Users.Api", "src\Modules\Users\Inflow.Modules.Users.Api\Inflow.Modules.Users.Api.csproj", "{20775EF2-0B56-4C6E-B22E-6F62903719F2}"
EndProject
Project("{FAE04EC0-301F-11D3-BF4B-00C04F79EFBC}") = "Inflow.Modules.Users.Core", "src\Modules\Users\Inflow.Modules.Users.Core\Inflow.Modules.Users.Core.csproj", "{1D08D60D-F8BA-4456-B432-71CC83EE2240}"
EndProject
Project("{2150E333-8FDC-42A3-9474-1A3956D46DE8}") = "Payments", "Payments", "{E8B8BA31-38E8-4BA0-B2E6-ED3363F05AA2}"
EndProject
Project("{FAE04EC0-301F-11D3-BF4B-00C04F79EFBC}") = "Inflow.Modules.Payments.Api", "src\Modules\Payments\Inflow.Modules.Payments.Api\Inflow.Modules.Payments.Api.csproj", "{D81F01AA-F08B-4425-A335-E93C61A48D9B}"
EndProject
Project("{FAE04EC0-301F-11D3-BF4B-00C04F79EFBC}") = "Inflow.Modules.Payments.Core", "src\Modules\Payments\Inflow.Modules.Payments.Core\Inflow.Modules.Payments.Core.csproj", "{07706B89-558E-4B70-93AF-517DF6260185}"
EndProject
Project("{FAE04EC0-301F-11D3-BF4B-00C04F79EFBC}") = "Inflow.Modules.Payments.Shared", "src\Modules\Payments\Inflow.Modules.Payments.Shared\Inflow.Modules.Payments.Shared\Inflow.Modules.Payments.Shared.csproj", "{AD0E2EFF-1D69-4277-89E8-9432CAB87157}"
EndProject
Project("{2150E333-8FDC-42A3-9474-1A3956D46DE8}") = "Wallets", "Wallets", "{D2369BB3-61AE-459F-B9D7-5DA0D8E2F752}"
EndProject
Project("{FAE04EC0-301F-11D3-BF4B-00C04F79EFBC}") = "Inflow.Modules.Wallets.Api", "src\Modules\Wallets\Inflow.Modules.Wallets.Api\Inflow.Modules.Wallets.Api.csproj", "{CCC105E5-EA4C-4249-B3C9-7EC8BAA341BC}"
EndProject
Project("{FAE04EC0-301F-11D3-BF4B-00C04F79EFBC}") = "Inflow.Modules.Wallets.Application", "src\Modules\Wallets\Inflow.Modules.Wallets.Application\Inflow.Modules.Wallets.Application.csproj", "{F0CFB56A-928B-4C75-961C-94924F8A7D31}"
EndProject
Project("{FAE04EC0-301F-11D3-BF4B-00C04F79EFBC}") = "Inflow.Modules.Wallets.Core", "src\Modules\Wallets\Inflow.Modules.Wallets.Core\Inflow.Modules.Wallets.Core.csproj", "{0FABB3C0-F925-46B7-A8B6-41EBCC774911}"
EndProject
Project("{FAE04EC0-301F-11D3-BF4B-00C04F79EFBC}") = "Inflow.Modules.Wallets.Infrastructure", "src\Modules\Wallets\Inflow.Modules.Wallets.Infrastructure\Inflow.Modules.Wallets.Infrastructure.csproj", "{7577BF79-0447-4D48-8C36-057EE4AAF4A7}"
EndProject
Global
	GlobalSection(SolutionConfigurationPlatforms) = preSolution
		Debug|Any CPU = Debug|Any CPU
		Release|Any CPU = Release|Any CPU
	EndGlobalSection
	GlobalSection(NestedProjects) = preSolution
		{37E7DED0-C91A-4315-8054-29D439BA9CB7} = {528553FF-DFBF-489A-99A9-957A1DFA000A}
		{518446CE-42B1-4017-A68E-5603A0490347} = {37E7DED0-C91A-4315-8054-29D439BA9CB7}
		{6B6ADF63-70A1-4C6C-A4B4-78BE9333D53B} = {6E68890E-3589-4F9A-8A7F-B063FE3684A6}
		{9D106009-64FA-4307-9A06-ABCE05AE9AB1} = {499A5153-A716-4757-B480-CDA49821932D}
		{68FEA4A6-E735-4756-B9F8-967414745888} = {37E7DED0-C91A-4315-8054-29D439BA9CB7}
		{510CA41B-4A86-45DF-80DF-0D7474B9EA18} = {499A5153-A716-4757-B480-CDA49821932D}
		{E3F06205-E169-475A-A1DF-805C252F4F4C} = {528553FF-DFBF-489A-99A9-957A1DFA000A}
		{20775EF2-0B56-4C6E-B22E-6F62903719F2} = {E3F06205-E169-475A-A1DF-805C252F4F4C}
		{1D08D60D-F8BA-4456-B432-71CC83EE2240} = {E3F06205-E169-475A-A1DF-805C252F4F4C}
		{E8B8BA31-38E8-4BA0-B2E6-ED3363F05AA2} = {528553FF-DFBF-489A-99A9-957A1DFA000A}
		{D81F01AA-F08B-4425-A335-E93C61A48D9B} = {E8B8BA31-38E8-4BA0-B2E6-ED3363F05AA2}
		{07706B89-558E-4B70-93AF-517DF6260185} = {E8B8BA31-38E8-4BA0-B2E6-ED3363F05AA2}
		{AD0E2EFF-1D69-4277-89E8-9432CAB87157} = {E8B8BA31-38E8-4BA0-B2E6-ED3363F05AA2}
		{D2369BB3-61AE-459F-B9D7-5DA0D8E2F752} = {528553FF-DFBF-489A-99A9-957A1DFA000A}
		{CCC105E5-EA4C-4249-B3C9-7EC8BAA341BC} = {D2369BB3-61AE-459F-B9D7-5DA0D8E2F752}
		{F0CFB56A-928B-4C75-961C-94924F8A7D31} = {D2369BB3-61AE-459F-B9D7-5DA0D8E2F752}
		{0FABB3C0-F925-46B7-A8B6-41EBCC774911} = {D2369BB3-61AE-459F-B9D7-5DA0D8E2F752}
		{7577BF79-0447-4D48-8C36-057EE4AAF4A7} = {D2369BB3-61AE-459F-B9D7-5DA0D8E2F752}
	EndGlobalSection
	GlobalSection(ProjectConfigurationPlatforms) = postSolution
		{518446CE-42B1-4017-A68E-5603A0490347}.Debug|Any CPU.ActiveCfg = Debug|Any CPU
		{518446CE-42B1-4017-A68E-5603A0490347}.Debug|Any CPU.Build.0 = Debug|Any CPU
		{518446CE-42B1-4017-A68E-5603A0490347}.Release|Any CPU.ActiveCfg = Release|Any CPU
		{518446CE-42B1-4017-A68E-5603A0490347}.Release|Any CPU.Build.0 = Release|Any CPU
		{6B6ADF63-70A1-4C6C-A4B4-78BE9333D53B}.Debug|Any CPU.ActiveCfg = Debug|Any CPU
		{6B6ADF63-70A1-4C6C-A4B4-78BE9333D53B}.Debug|Any CPU.Build.0 = Debug|Any CPU
		{6B6ADF63-70A1-4C6C-A4B4-78BE9333D53B}.Release|Any CPU.ActiveCfg = Release|Any CPU
		{6B6ADF63-70A1-4C6C-A4B4-78BE9333D53B}.Release|Any CPU.Build.0 = Release|Any CPU
		{9D106009-64FA-4307-9A06-ABCE05AE9AB1}.Debug|Any CPU.ActiveCfg = Debug|Any CPU
		{9D106009-64FA-4307-9A06-ABCE05AE9AB1}.Debug|Any CPU.Build.0 = Debug|Any CPU
		{9D106009-64FA-4307-9A06-ABCE05AE9AB1}.Release|Any CPU.ActiveCfg = Release|Any CPU
		{9D106009-64FA-4307-9A06-ABCE05AE9AB1}.Release|Any CPU.Build.0 = Release|Any CPU
		{68FEA4A6-E735-4756-B9F8-967414745888}.Debug|Any CPU.ActiveCfg = Debug|Any CPU
		{68FEA4A6-E735-4756-B9F8-967414745888}.Debug|Any CPU.Build.0 = Debug|Any CPU
		{68FEA4A6-E735-4756-B9F8-967414745888}.Release|Any CPU.ActiveCfg = Release|Any CPU
		{68FEA4A6-E735-4756-B9F8-967414745888}.Release|Any CPU.Build.0 = Release|Any CPU
		{510CA41B-4A86-45DF-80DF-0D7474B9EA18}.Debug|Any CPU.ActiveCfg = Debug|Any CPU
		{510CA41B-4A86-45DF-80DF-0D7474B9EA18}.Debug|Any CPU.Build.0 = Debug|Any CPU
		{510CA41B-4A86-45DF-80DF-0D7474B9EA18}.Release|Any CPU.ActiveCfg = Release|Any CPU
		{510CA41B-4A86-45DF-80DF-0D7474B9EA18}.Release|Any CPU.Build.0 = Release|Any CPU
		{20775EF2-0B56-4C6E-B22E-6F62903719F2}.Debug|Any CPU.ActiveCfg = Debug|Any CPU
		{20775EF2-0B56-4C6E-B22E-6F62903719F2}.Debug|Any CPU.Build.0 = Debug|Any CPU
		{20775EF2-0B56-4C6E-B22E-6F62903719F2}.Release|Any CPU.ActiveCfg = Release|Any CPU
		{20775EF2-0B56-4C6E-B22E-6F62903719F2}.Release|Any CPU.Build.0 = Release|Any CPU
		{1D08D60D-F8BA-4456-B432-71CC83EE2240}.Debug|Any CPU.ActiveCfg = Debug|Any CPU
		{1D08D60D-F8BA-4456-B432-71CC83EE2240}.Debug|Any CPU.Build.0 = Debug|Any CPU
		{1D08D60D-F8BA-4456-B432-71CC83EE2240}.Release|Any CPU.ActiveCfg = Release|Any CPU
		{1D08D60D-F8BA-4456-B432-71CC83EE2240}.Release|Any CPU.Build.0 = Release|Any CPU
		{D81F01AA-F08B-4425-A335-E93C61A48D9B}.Debug|Any CPU.ActiveCfg = Debug|Any CPU
		{D81F01AA-F08B-4425-A335-E93C61A48D9B}.Debug|Any CPU.Build.0 = Debug|Any CPU
		{D81F01AA-F08B-4425-A335-E93C61A48D9B}.Release|Any CPU.ActiveCfg = Release|Any CPU
		{D81F01AA-F08B-4425-A335-E93C61A48D9B}.Release|Any CPU.Build.0 = Release|Any CPU
		{07706B89-558E-4B70-93AF-517DF6260185}.Debug|Any CPU.ActiveCfg = Debug|Any CPU
		{07706B89-558E-4B70-93AF-517DF6260185}.Debug|Any CPU.Build.0 = Debug|Any CPU
		{07706B89-558E-4B70-93AF-517DF6260185}.Release|Any CPU.ActiveCfg = Release|Any CPU
		{07706B89-558E-4B70-93AF-517DF6260185}.Release|Any CPU.Build.0 = Release|Any CPU
		{AD0E2EFF-1D69-4277-89E8-9432CAB87157}.Debug|Any CPU.ActiveCfg = Debug|Any CPU
		{AD0E2EFF-1D69-4277-89E8-9432CAB87157}.Debug|Any CPU.Build.0 = Debug|Any CPU
		{AD0E2EFF-1D69-4277-89E8-9432CAB87157}.Release|Any CPU.ActiveCfg = Release|Any CPU
		{AD0E2EFF-1D69-4277-89E8-9432CAB87157}.Release|Any CPU.Build.0 = Release|Any CPU
		{CCC105E5-EA4C-4249-B3C9-7EC8BAA341BC}.Debug|Any CPU.ActiveCfg = Debug|Any CPU
		{CCC105E5-EA4C-4249-B3C9-7EC8BAA341BC}.Debug|Any CPU.Build.0 = Debug|Any CPU
		{CCC105E5-EA4C-4249-B3C9-7EC8BAA341BC}.Release|Any CPU.ActiveCfg = Release|Any CPU
		{CCC105E5-EA4C-4249-B3C9-7EC8BAA341BC}.Release|Any CPU.Build.0 = Release|Any CPU
		{F0CFB56A-928B-4C75-961C-94924F8A7D31}.Debug|Any CPU.ActiveCfg = Debug|Any CPU
		{F0CFB56A-928B-4C75-961C-94924F8A7D31}.Debug|Any CPU.Build.0 = Debug|Any CPU
		{F0CFB56A-928B-4C75-961C-94924F8A7D31}.Release|Any CPU.ActiveCfg = Release|Any CPU
		{F0CFB56A-928B-4C75-961C-94924F8A7D31}.Release|Any CPU.Build.0 = Release|Any CPU
		{0FABB3C0-F925-46B7-A8B6-41EBCC774911}.Debug|Any CPU.ActiveCfg = Debug|Any CPU
		{0FABB3C0-F925-46B7-A8B6-41EBCC774911}.Debug|Any CPU.Build.0 = Debug|Any CPU
		{0FABB3C0-F925-46B7-A8B6-41EBCC774911}.Release|Any CPU.ActiveCfg = Release|Any CPU
		{0FABB3C0-F925-46B7-A8B6-41EBCC774911}.Release|Any CPU.Build.0 = Release|Any CPU
		{7577BF79-0447-4D48-8C36-057EE4AAF4A7}.Debug|Any CPU.ActiveCfg = Debug|Any CPU
		{7577BF79-0447-4D48-8C36-057EE4AAF4A7}.Debug|Any CPU.Build.0 = Debug|Any CPU
		{7577BF79-0447-4D48-8C36-057EE4AAF4A7}.Release|Any CPU.ActiveCfg = Release|Any CPU
		{7577BF79-0447-4D48-8C36-057EE4AAF4A7}.Release|Any CPU.Build.0 = Release|Any CPU
	EndGlobalSection
EndGlobal
